// !$*UTF8*$!
{
	archiveVersion = 1;
	classes = {
	};
	objectVersion = 50;
	objects = {

/* Begin PBXBuildFile section */
		BA08A4682447B6C900D8C6CF /* AppDelegate.swift in Sources */ = {isa = PBXBuildFile; fileRef = BA08A4672447B6C900D8C6CF /* AppDelegate.swift */; };
		BA08A46A2447B6C900D8C6CF /* ViewController.swift in Sources */ = {isa = PBXBuildFile; fileRef = BA08A4692447B6C900D8C6CF /* ViewController.swift */; };
		BA08A46F2447B6C900D8C6CF /* Main.storyboard in Resources */ = {isa = PBXBuildFile; fileRef = BA08A46D2447B6C900D8C6CF /* Main.storyboard */; };
		BA08A4712447B6CB00D8C6CF /* Assets.xcassets in Resources */ = {isa = PBXBuildFile; fileRef = BA08A4702447B6CB00D8C6CF /* Assets.xcassets */; };
		BA08A4742447B6CB00D8C6CF /* LaunchScreen.storyboard in Resources */ = {isa = PBXBuildFile; fileRef = BA08A4722447B6CB00D8C6CF /* LaunchScreen.storyboard */; };
		BA08A47D2447B6FF00D8C6CF /* ring.usdz in Resources */ = {isa = PBXBuildFile; fileRef = BA08A47C2447B6FF00D8C6CF /* ring.usdz */; };
/* End PBXBuildFile section */

/* Begin PBXFileReference section */
		BA08A4642447B6C900D8C6CF /* Distancer.app */ = {isa = PBXFileReference; explicitFileType = wrapper.application; includeInIndex = 0; path = Distancer.app; sourceTree = BUILT_PRODUCTS_DIR; };
		BA08A4672447B6C900D8C6CF /* AppDelegate.swift */ = {isa = PBXFileReference; lastKnownFileType = sourcecode.swift; path = AppDelegate.swift; sourceTree = "<group>"; };
		BA08A4692447B6C900D8C6CF /* ViewController.swift */ = {isa = PBXFileReference; lastKnownFileType = sourcecode.swift; path = ViewController.swift; sourceTree = "<group>"; };
		BA08A46E2447B6C900D8C6CF /* Base */ = {isa = PBXFileReference; lastKnownFileType = file.storyboard; name = Base; path = Base.lproj/Main.storyboard; sourceTree = "<group>"; };
		BA08A4702447B6CB00D8C6CF /* Assets.xcassets */ = {isa = PBXFileReference; lastKnownFileType = folder.assetcatalog; path = Assets.xcassets; sourceTree = "<group>"; };
		BA08A4732447B6CB00D8C6CF /* Base */ = {isa = PBXFileReference; lastKnownFileType = file.storyboard; name = Base; path = Base.lproj/LaunchScreen.storyboard; sourceTree = "<group>"; };
		BA08A4752447B6CB00D8C6CF /* Info.plist */ = {isa = PBXFileReference; lastKnownFileType = text.plist.xml; path = Info.plist; sourceTree = "<group>"; };
		BA08A47C2447B6FF00D8C6CF /* ring.usdz */ = {isa = PBXFileReference; lastKnownFileType = file.usdz; path = ring.usdz; sourceTree = "<group>"; };
/* End PBXFileReference section */

/* Begin PBXFrameworksBuildPhase section */
		BA08A4612447B6C900D8C6CF /* Frameworks */ = {
			isa = PBXFrameworksBuildPhase;
			buildActionMask = 2147483647;
			files = (
			);
			runOnlyForDeploymentPostprocessing = 0;
		};
/* End PBXFrameworksBuildPhase section */

/* Begin PBXGroup section */
		BA08A45B2447B6C900D8C6CF = {
			isa = PBXGroup;
			children = (
				BA08A4662447B6C900D8C6CF /* Distancer */,
				BA08A4652447B6C900D8C6CF /* Products */,
			);
			sourceTree = "<group>";
		};
		BA08A4652447B6C900D8C6CF /* Products */ = {
			isa = PBXGroup;
			children = (
				BA08A4642447B6C900D8C6CF /* Distancer.app */,
			);
			name = Products;
			sourceTree = "<group>";
		};
		BA08A4662447B6C900D8C6CF /* Distancer */ = {
			isa = PBXGroup;
			children = (
				BA08A47B2447B6F300D8C6CF /* Assets */,
				BA08A4672447B6C900D8C6CF /* AppDelegate.swift */,
				BA08A4692447B6C900D8C6CF /* ViewController.swift */,
				BA08A46D2447B6C900D8C6CF /* Main.storyboard */,
				BA08A4702447B6CB00D8C6CF /* Assets.xcassets */,
				BA08A4722447B6CB00D8C6CF /* LaunchScreen.storyboard */,
				BA08A4752447B6CB00D8C6CF /* Info.plist */,
			);
			path = Distancer;
			sourceTree = "<group>";
		};
		BA08A47B2447B6F300D8C6CF /* Assets */ = {
			isa = PBXGroup;
			children = (
				BA08A47C2447B6FF00D8C6CF /* ring.usdz */,
			);
			path = Assets;
			sourceTree = "<group>";
		};
/* End PBXGroup section */

/* Begin PBXNativeTarget section */
		BA08A4632447B6C900D8C6CF /* Distancer */ = {
			isa = PBXNativeTarget;
			buildConfigurationList = BA08A4782447B6CB00D8C6CF /* Build configuration list for PBXNativeTarget "Distancer" */;
			buildPhases = (
				BA08A4602447B6C900D8C6CF /* Sources */,
				BA08A4612447B6C900D8C6CF /* Frameworks */,
				BA08A4622447B6C900D8C6CF /* Resources */,
			);
			buildRules = (
			);
			dependencies = (
			);
			name = Distancer;
			productName = Distancer;
			productReference = BA08A4642447B6C900D8C6CF /* Distancer.app */;
			productType = "com.apple.product-type.application";
		};
/* End PBXNativeTarget section */

/* Begin PBXProject section */
		BA08A45C2447B6C900D8C6CF /* Project object */ = {
			isa = PBXProject;
			attributes = {
				LastSwiftUpdateCheck = 1140;
				LastUpgradeCheck = 1140;
				ORGANIZATIONNAME = "Jeremy Jacob";
				TargetAttributes = {
					BA08A4632447B6C900D8C6CF = {
						CreatedOnToolsVersion = 11.4;
					};
				};
			};
			buildConfigurationList = BA08A45F2447B6C900D8C6CF /* Build configuration list for PBXProject "Distancer" */;
			compatibilityVersion = "Xcode 9.3";
			developmentRegion = en;
			hasScannedForEncodings = 0;
			knownRegions = (
				en,
				Base,
			);
			mainGroup = BA08A45B2447B6C900D8C6CF;
			productRefGroup = BA08A4652447B6C900D8C6CF /* Products */;
			projectDirPath = "";
			projectRoot = "";
			targets = (
				BA08A4632447B6C900D8C6CF /* Distancer */,
			);
		};
/* End PBXProject section */

/* Begin PBXResourcesBuildPhase section */
		BA08A4622447B6C900D8C6CF /* Resources */ = {
			isa = PBXResourcesBuildPhase;
			buildActionMask = 2147483647;
			files = (
				BA08A4742447B6CB00D8C6CF /* LaunchScreen.storyboard in Resources */,
				BA08A47D2447B6FF00D8C6CF /* ring.usdz in Resources */,
				BA08A4712447B6CB00D8C6CF /* Assets.xcassets in Resources */,
				BA08A46F2447B6C900D8C6CF /* Main.storyboard in Resources */,
			);
			runOnlyForDeploymentPostprocessing = 0;
		};
/* End PBXResourcesBuildPhase section */

/* Begin PBXSourcesBuildPhase section */
		BA08A4602447B6C900D8C6CF /* Sources */ = {
			isa = PBXSourcesBuildPhase;
			buildActionMask = 2147483647;
			files = (
				BA08A46A2447B6C900D8C6CF /* ViewController.swift in Sources */,
				BA08A4682447B6C900D8C6CF /* AppDelegate.swift in Sources */,
			);
			runOnlyForDeploymentPostprocessing = 0;
		};
/* End PBXSourcesBuildPhase section */

/* Begin PBXVariantGroup section */
		BA08A46D2447B6C900D8C6CF /* Main.storyboard */ = {
			isa = PBXVariantGroup;
			children = (
				BA08A46E2447B6C900D8C6CF /* Base */,
			);
			name = Main.storyboard;
			sourceTree = "<group>";
		};
		BA08A4722447B6CB00D8C6CF /* LaunchScreen.storyboard */ = {
			isa = PBXVariantGroup;
			children = (
				BA08A4732447B6CB00D8C6CF /* Base */,
			);
			name = LaunchScreen.storyboard;
			sourceTree = "<group>";
		};
/* End PBXVariantGroup section */

/* Begin XCBuildConfiguration section */
		BA08A4762447B6CB00D8C6CF /* Debug */ = {
			isa = XCBuildConfiguration;
			buildSettings = {
				ALWAYS_SEARCH_USER_PATHS = NO;
				CLANG_ANALYZER_NONNULL = YES;
				CLANG_ANALYZER_NUMBER_OBJECT_CONVERSION = YES_AGGRESSIVE;
				CLANG_CXX_LANGUAGE_STANDARD = "gnu++14";
				CLANG_CXX_LIBRARY = "libc++";
				CLANG_ENABLE_MODULES = YES;
				CLANG_ENABLE_OBJC_ARC = YES;
				CLANG_ENABLE_OBJC_WEAK = YES;
				CLANG_WARN_BLOCK_CAPTURE_AUTORELEASING = YES;
				CLANG_WARN_BOOL_CONVERSION = YES;
				CLANG_WARN_COMMA = YES;
				CLANG_WARN_CONSTANT_CONVERSION = YES;
				CLANG_WARN_DEPRECATED_OBJC_IMPLEMENTATIONS = YES;
				CLANG_WARN_DIRECT_OBJC_ISA_USAGE = YES_ERROR;
				CLANG_WARN_DOCUMENTATION_COMMENTS = YES;
				CLANG_WARN_EMPTY_BODY = YES;
				CLANG_WARN_ENUM_CONVERSION = YES;
				CLANG_WARN_INFINITE_RECURSION = YES;
				CLANG_WARN_INT_CONVERSION = YES;
				CLANG_WARN_NON_LITERAL_NULL_CONVERSION = YES;
				CLANG_WARN_OBJC_IMPLICIT_RETAIN_SELF = YES;
				CLANG_WARN_OBJC_LITERAL_CONVERSION = YES;
				CLANG_WARN_OBJC_ROOT_CLASS = YES_ERROR;
				CLANG_WARN_RANGE_LOOP_ANALYSIS = YES;
				CLANG_WARN_STRICT_PROTOTYPES = YES;
				CLANG_WARN_SUSPICIOUS_MOVE = YES;
				CLANG_WARN_UNGUARDED_AVAILABILITY = YES_AGGRESSIVE;
				CLANG_WARN_UNREACHABLE_CODE = YES;
				CLANG_WARN__DUPLICATE_METHOD_MATCH = YES;
				COPY_PHASE_STRIP = NO;
				DEBUG_INFORMATION_FORMAT = dwarf;
				ENABLE_STRICT_OBJC_MSGSEND = YES;
				ENABLE_TESTABILITY = YES;
				GCC_C_LANGUAGE_STANDARD = gnu11;
				GCC_DYNAMIC_NO_PIC = NO;
				GCC_NO_COMMON_BLOCKS = YES;
				GCC_OPTIMIZATION_LEVEL = 0;
				GCC_PREPROCESSOR_DEFINITIONS = (
					"DEBUG=1",
					"$(inherited)",
				);
				GCC_WARN_64_TO_32_BIT_CONVERSION = YES;
				GCC_WARN_ABOUT_RETURN_TYPE = YES_ERROR;
				GCC_WARN_UNDECLARED_SELECTOR = YES;
				GCC_WARN_UNINITIALIZED_AUTOS = YES_AGGRESSIVE;
				GCC_WARN_UNUSED_FUNCTION = YES;
				GCC_WARN_UNUSED_VARIABLE = YES;
				IPHONEOS_DEPLOYMENT_TARGET = 13.4;
				MTL_ENABLE_DEBUG_INFO = INCLUDE_SOURCE;
				MTL_FAST_MATH = YES;
				ONLY_ACTIVE_ARCH = YES;
				SDKROOT = iphoneos;
				SWIFT_ACTIVE_COMPILATION_CONDITIONS = DEBUG;
				SWIFT_OPTIMIZATION_LEVEL = "-Onone";
			};
			name = Debug;
		};
		BA08A4772447B6CB00D8C6CF /* Release */ = {
			isa = XCBuildConfiguration;
			buildSettings = {
				ALWAYS_SEARCH_USER_PATHS = NO;
				CLANG_ANALYZER_NONNULL = YES;
				CLANG_ANALYZER_NUMBER_OBJECT_CONVERSION = YES_AGGRESSIVE;
				CLANG_CXX_LANGUAGE_STANDARD = "gnu++14";
				CLANG_CXX_LIBRARY = "libc++";
				CLANG_ENABLE_MODULES = YES;
				CLANG_ENABLE_OBJC_ARC = YES;
				CLANG_ENABLE_OBJC_WEAK = YES;
				CLANG_WARN_BLOCK_CAPTURE_AUTORELEASING = YES;
				CLANG_WARN_BOOL_CONVERSION = YES;
				CLANG_WARN_COMMA = YES;
				CLANG_WARN_CONSTANT_CONVERSION = YES;
				CLANG_WARN_DEPRECATED_OBJC_IMPLEMENTATIONS = YES;
				CLANG_WARN_DIRECT_OBJC_ISA_USAGE = YES_ERROR;
				CLANG_WARN_DOCUMENTATION_COMMENTS = YES;
				CLANG_WARN_EMPTY_BODY = YES;
				CLANG_WARN_ENUM_CONVERSION = YES;
				CLANG_WARN_INFINITE_RECURSION = YES;
				CLANG_WARN_INT_CONVERSION = YES;
				CLANG_WARN_NON_LITERAL_NULL_CONVERSION = YES;
				CLANG_WARN_OBJC_IMPLICIT_RETAIN_SELF = YES;
				CLANG_WARN_OBJC_LITERAL_CONVERSION = YES;
				CLANG_WARN_OBJC_ROOT_CLASS = YES_ERROR;
				CLANG_WARN_RANGE_LOOP_ANALYSIS = YES;
				CLANG_WARN_STRICT_PROTOTYPES = YES;
				CLANG_WARN_SUSPICIOUS_MOVE = YES;
				CLANG_WARN_UNGUARDED_AVAILABILITY = YES_AGGRESSIVE;
				CLANG_WARN_UNREACHABLE_CODE = YES;
				CLANG_WARN__DUPLICATE_METHOD_MATCH = YES;
				COPY_PHASE_STRIP = NO;
				DEBUG_INFORMATION_FORMAT = "dwarf-with-dsym";
				ENABLE_NS_ASSERTIONS = NO;
				ENABLE_STRICT_OBJC_MSGSEND = YES;
				GCC_C_LANGUAGE_STANDARD = gnu11;
				GCC_NO_COMMON_BLOCKS = YES;
				GCC_WARN_64_TO_32_BIT_CONVERSION = YES;
				GCC_WARN_ABOUT_RETURN_TYPE = YES_ERROR;
				GCC_WARN_UNDECLARED_SELECTOR = YES;
				GCC_WARN_UNINITIALIZED_AUTOS = YES_AGGRESSIVE;
				GCC_WARN_UNUSED_FUNCTION = YES;
				GCC_WARN_UNUSED_VARIABLE = YES;
				IPHONEOS_DEPLOYMENT_TARGET = 13.4;
				MTL_ENABLE_DEBUG_INFO = NO;
				MTL_FAST_MATH = YES;
				SDKROOT = iphoneos;
				SWIFT_COMPILATION_MODE = wholemodule;
				SWIFT_OPTIMIZATION_LEVEL = "-O";
				VALIDATE_PRODUCT = YES;
			};
			name = Release;
		};
		BA08A4792447B6CB00D8C6CF /* Debug */ = {
			isa = XCBuildConfiguration;
			buildSettings = {
				ASSETCATALOG_COMPILER_APPICON_NAME = AppIcon;
				CODE_SIGN_STYLE = Automatic;
				DEVELOPMENT_TEAM = C36R7JN67H;
				INFOPLIST_FILE = Distancer/Info.plist;
				LD_RUNPATH_SEARCH_PATHS = (
					"$(inherited)",
					"@executable_path/Frameworks",
				);
				PRODUCT_BUNDLE_IDENTIFIER = dev.jeremyjacob.Distancer;
				PRODUCT_NAME = "$(TARGET_NAME)";
				SWIFT_VERSION = 5.0;
				TARGETED_DEVICE_FAMILY = "1,2";
			};
			name = Debug;
		};
		BA08A47A2447B6CB00D8C6CF /* Release */ = {
			isa = XCBuildConfiguration;
			buildSettings = {
				ASSETCATALOG_COMPILER_APPICON_NAME = AppIcon;
				CODE_SIGN_STYLE = Automatic;
				DEVELOPMENT_TEAM = C36R7JN67H;
				INFOPLIST_FILE = Distancer/Info.plist;
				LD_RUNPATH_SEARCH_PATHS = (
					"$(inherited)",
					"@executable_path/Frameworks",
				);
				PRODUCT_BUNDLE_IDENTIFIER = dev.jeremyjacob.Distancer;
				PRODUCT_NAME = "$(TARGET_NAME)";
				SWIFT_VERSION = 5.0;
				TARGETED_DEVICE_FAMILY = "1,2";
			};
			name = Release;
		};
/* End XCBuildConfiguration section */

/* Begin XCConfigurationList section */
		BA08A45F2447B6C900D8C6CF /* Build configuration list for PBXProject "Distancer" */ = {
			isa = XCConfigurationList;
			buildConfigurations = (
				BA08A4762447B6CB00D8C6CF /* Debug */,
				BA08A4772447B6CB00D8C6CF /* Release */,
			);
			defaultConfigurationIsVisible = 0;
			defaultConfigurationName = Release;
		};
		BA08A4782447B6CB00D8C6CF /* Build configuration list for PBXNativeTarget "Distancer" */ = {
			isa = XCConfigurationList;
			buildConfigurations = (
				BA08A4792447B6CB00D8C6CF /* Debug */,
				BA08A47A2447B6CB00D8C6CF /* Release */,
			);
			defaultConfigurationIsVisible = 0;
			defaultConfigurationName = Release;
		};
/* End XCConfigurationList section */
	};
	rootObject = BA08A45C2447B6C900D8C6CF /* Project object */;
}
