// !$*UTF8*$!
{
	archiveVersion = 1;
	classes = {
	};
	objectVersion = 50;
	objects = {

/* Begin PBXBuildFile section */
		BA83B1D0243BE84D0048F43B /* ring.usdz in Resources */ = {isa = PBXBuildFile; fileRef = BA83B1CF243BE84D0048F43B /* ring.usdz */; };
		BAAE304D243B9FCF008553BC /* AppDelegate.swift in Sources */ = {isa = PBXBuildFile; fileRef = BAAE304C243B9FCF008553BC /* AppDelegate.swift */; };
		BAAE304F243B9FCF008553BC /* ViewController.swift in Sources */ = {isa = PBXBuildFile; fileRef = BAAE304E243B9FCF008553BC /* ViewController.swift */; };
		BAAE3054243B9FCF008553BC /* Main.storyboard in Resources */ = {isa = PBXBuildFile; fileRef = BAAE3052243B9FCF008553BC /* Main.storyboard */; };
		BAAE3056243B9FD4008553BC /* Assets.xcassets in Resources */ = {isa = PBXBuildFile; fileRef = BAAE3055243B9FD4008553BC /* Assets.xcassets */; };
		BAAE3059243B9FD4008553BC /* LaunchScreen.storyboard in Resources */ = {isa = PBXBuildFile; fileRef = BAAE3057243B9FD4008553BC /* LaunchScreen.storyboard */; };
		BAAE3064243B9FD5008553BC /* Social_DistancingTests.swift in Sources */ = {isa = PBXBuildFile; fileRef = BAAE3063243B9FD5008553BC /* Social_DistancingTests.swift */; };
		BAAE306F243B9FD5008553BC /* Social_DistancingUITests.swift in Sources */ = {isa = PBXBuildFile; fileRef = BAAE306E243B9FD5008553BC /* Social_DistancingUITests.swift */; };
/* End PBXBuildFile section */

/* Begin PBXContainerItemProxy section */
		BAAE3060243B9FD5008553BC /* PBXContainerItemProxy */ = {
			isa = PBXContainerItemProxy;
			containerPortal = BAAE3041243B9FCF008553BC /* Project object */;
			proxyType = 1;
			remoteGlobalIDString = BAAE3048243B9FCF008553BC;
			remoteInfo = "Social Distancing";
		};
		BAAE306B243B9FD5008553BC /* PBXContainerItemProxy */ = {
			isa = PBXContainerItemProxy;
			containerPortal = BAAE3041243B9FCF008553BC /* Project object */;
			proxyType = 1;
			remoteGlobalIDString = BAAE3048243B9FCF008553BC;
			remoteInfo = "Social Distancing";
		};
/* End PBXContainerItemProxy section */

/* Begin PBXFileReference section */
		BA83B1CF243BE84D0048F43B /* ring.usdz */ = {isa = PBXFileReference; lastKnownFileType = file.usdz; path = ring.usdz; sourceTree = "<group>"; };
		BA83B1D1243BEA6A0048F43B /* Experience.rcproject */ = {isa = PBXFileReference; lastKnownFileType = file.rcproject; path = Experience.rcproject; sourceTree = "<group>"; };
		BAAE3049243B9FCF008553BC /* Social Distancing.app */ = {isa = PBXFileReference; explicitFileType = wrapper.application; includeInIndex = 0; path = "Social Distancing.app"; sourceTree = BUILT_PRODUCTS_DIR; };
		BAAE304C243B9FCF008553BC /* AppDelegate.swift */ = {isa = PBXFileReference; lastKnownFileType = sourcecode.swift; path = AppDelegate.swift; sourceTree = "<group>"; };
		BAAE304E243B9FCF008553BC /* ViewController.swift */ = {isa = PBXFileReference; lastKnownFileType = sourcecode.swift; path = ViewController.swift; sourceTree = "<group>"; };
		BAAE3053243B9FCF008553BC /* Base */ = {isa = PBXFileReference; lastKnownFileType = file.storyboard; name = Base; path = Base.lproj/Main.storyboard; sourceTree = "<group>"; };
		BAAE3055243B9FD4008553BC /* Assets.xcassets */ = {isa = PBXFileReference; lastKnownFileType = folder.assetcatalog; path = Assets.xcassets; sourceTree = "<group>"; };
		BAAE3058243B9FD4008553BC /* Base */ = {isa = PBXFileReference; lastKnownFileType = file.storyboard; name = Base; path = Base.lproj/LaunchScreen.storyboard; sourceTree = "<group>"; };
		BAAE305A243B9FD4008553BC /* Info.plist */ = {isa = PBXFileReference; lastKnownFileType = text.plist.xml; path = Info.plist; sourceTree = "<group>"; };
		BAAE305F243B9FD5008553BC /* Social DistancingTests.xctest */ = {isa = PBXFileReference; explicitFileType = wrapper.cfbundle; includeInIndex = 0; path = "Social DistancingTests.xctest"; sourceTree = BUILT_PRODUCTS_DIR; };
		BAAE3063243B9FD5008553BC /* Social_DistancingTests.swift */ = {isa = PBXFileReference; lastKnownFileType = sourcecode.swift; path = Social_DistancingTests.swift; sourceTree = "<group>"; };
		BAAE3065243B9FD5008553BC /* Info.plist */ = {isa = PBXFileReference; lastKnownFileType = text.plist.xml; path = Info.plist; sourceTree = "<group>"; };
		BAAE306A243B9FD5008553BC /* Social DistancingUITests.xctest */ = {isa = PBXFileReference; explicitFileType = wrapper.cfbundle; includeInIndex = 0; path = "Social DistancingUITests.xctest"; sourceTree = BUILT_PRODUCTS_DIR; };
		BAAE306E243B9FD5008553BC /* Social_DistancingUITests.swift */ = {isa = PBXFileReference; lastKnownFileType = sourcecode.swift; path = Social_DistancingUITests.swift; sourceTree = "<group>"; };
		BAAE3070243B9FD5008553BC /* Info.plist */ = {isa = PBXFileReference; lastKnownFileType = text.plist.xml; path = Info.plist; sourceTree = "<group>"; };
/* End PBXFileReference section */

/* Begin PBXFrameworksBuildPhase section */
		BAAE3046243B9FCF008553BC /* Frameworks */ = {
			isa = PBXFrameworksBuildPhase;
			buildActionMask = 2147483647;
			files = (
			);
			runOnlyForDeploymentPostprocessing = 0;
		};
		BAAE305C243B9FD5008553BC /* Frameworks */ = {
			isa = PBXFrameworksBuildPhase;
			buildActionMask = 2147483647;
			files = (
			);
			runOnlyForDeploymentPostprocessing = 0;
		};
		BAAE3067243B9FD5008553BC /* Frameworks */ = {
			isa = PBXFrameworksBuildPhase;
			buildActionMask = 2147483647;
			files = (
			);
			runOnlyForDeploymentPostprocessing = 0;
		};
/* End PBXFrameworksBuildPhase section */

/* Begin PBXGroup section */
		BAAE3040243B9FCF008553BC = {
			isa = PBXGroup;
			children = (
				BAAE304B243B9FCF008553BC /* Social Distancing */,
				BAAE3062243B9FD5008553BC /* Social DistancingTests */,
				BAAE306D243B9FD5008553BC /* Social DistancingUITests */,
				BAAE304A243B9FCF008553BC /* Products */,
			);
			sourceTree = "<group>";
		};
		BAAE304A243B9FCF008553BC /* Products */ = {
			isa = PBXGroup;
			children = (
				BAAE3049243B9FCF008553BC /* Social Distancing.app */,
				BAAE305F243B9FD5008553BC /* Social DistancingTests.xctest */,
				BAAE306A243B9FD5008553BC /* Social DistancingUITests.xctest */,
			);
			name = Products;
			sourceTree = "<group>";
		};
		BAAE304B243B9FCF008553BC /* Social Distancing */ = {
			isa = PBXGroup;
			children = (
				BAEE9266243BBEC400D73130 /* Assets */,
				BAAE304E243B9FCF008553BC /* ViewController.swift */,
				BAAE3052243B9FCF008553BC /* Main.storyboard */,
				BAAE3055243B9FD4008553BC /* Assets.xcassets */,
				BAAE3057243B9FD4008553BC /* LaunchScreen.storyboard */,
				BAAE304C243B9FCF008553BC /* AppDelegate.swift */,
				BA83B1D1243BEA6A0048F43B /* Experience.rcproject */,
				BAAE305A243B9FD4008553BC /* Info.plist */,
			);
			path = "Social Distancing";
			sourceTree = "<group>";
		};
		BAAE3062243B9FD5008553BC /* Social DistancingTests */ = {
			isa = PBXGroup;
			children = (
				BAAE3063243B9FD5008553BC /* Social_DistancingTests.swift */,
				BAAE3065243B9FD5008553BC /* Info.plist */,
			);
			path = "Social DistancingTests";
			sourceTree = "<group>";
		};
		BAAE306D243B9FD5008553BC /* Social DistancingUITests */ = {
			isa = PBXGroup;
			children = (
				BAAE306E243B9FD5008553BC /* Social_DistancingUITests.swift */,
				BAAE3070243B9FD5008553BC /* Info.plist */,
			);
			path = "Social DistancingUITests";
			sourceTree = "<group>";
		};
		BAEE9266243BBEC400D73130 /* Assets */ = {
			isa = PBXGroup;
			children = (
				BA83B1CF243BE84D0048F43B /* ring.usdz */,
			);
			path = Assets;
			sourceTree = "<group>";
		};
/* End PBXGroup section */

/* Begin PBXNativeTarget section */
		BAAE3048243B9FCF008553BC /* Social Distancing */ = {
			isa = PBXNativeTarget;
			buildConfigurationList = BAAE3073243B9FD5008553BC /* Build configuration list for PBXNativeTarget "Social Distancing" */;
			buildPhases = (
				BAAE3045243B9FCF008553BC /* Sources */,
				BAAE3046243B9FCF008553BC /* Frameworks */,
				BAAE3047243B9FCF008553BC /* Resources */,
			);
			buildRules = (
			);
			dependencies = (
			);
			name = "Social Distancing";
			productName = "Social Distancing";
			productReference = BAAE3049243B9FCF008553BC /* Social Distancing.app */;
			productType = "com.apple.product-type.application";
		};
		BAAE305E243B9FD5008553BC /* Social DistancingTests */ = {
			isa = PBXNativeTarget;
			buildConfigurationList = BAAE3076243B9FD5008553BC /* Build configuration list for PBXNativeTarget "Social DistancingTests" */;
			buildPhases = (
				BAAE305B243B9FD5008553BC /* Sources */,
				BAAE305C243B9FD5008553BC /* Frameworks */,
				BAAE305D243B9FD5008553BC /* Resources */,
			);
			buildRules = (
			);
			dependencies = (
				BAAE3061243B9FD5008553BC /* PBXTargetDependency */,
			);
			name = "Social DistancingTests";
			productName = "Social DistancingTests";
			productReference = BAAE305F243B9FD5008553BC /* Social DistancingTests.xctest */;
			productType = "com.apple.product-type.bundle.unit-test";
		};
		BAAE3069243B9FD5008553BC /* Social DistancingUITests */ = {
			isa = PBXNativeTarget;
			buildConfigurationList = BAAE3079243B9FD5008553BC /* Build configuration list for PBXNativeTarget "Social DistancingUITests" */;
			buildPhases = (
				BAAE3066243B9FD5008553BC /* Sources */,
				BAAE3067243B9FD5008553BC /* Frameworks */,
				BAAE3068243B9FD5008553BC /* Resources */,
			);
			buildRules = (
			);
			dependencies = (
				BAAE306C243B9FD5008553BC /* PBXTargetDependency */,
			);
			name = "Social DistancingUITests";
			productName = "Social DistancingUITests";
			productReference = BAAE306A243B9FD5008553BC /* Social DistancingUITests.xctest */;
			productType = "com.apple.product-type.bundle.ui-testing";
		};
/* End PBXNativeTarget section */

/* Begin PBXProject section */
		BAAE3041243B9FCF008553BC /* Project object */ = {
			isa = PBXProject;
			attributes = {
				LastSwiftUpdateCheck = 1130;
				LastUpgradeCheck = 1130;
				ORGANIZATIONNAME = "Jeremy Jacob";
				TargetAttributes = {
					BAAE3048243B9FCF008553BC = {
						CreatedOnToolsVersion = 11.3.1;
					};
					BAAE305E243B9FD5008553BC = {
						CreatedOnToolsVersion = 11.3.1;
						TestTargetID = BAAE3048243B9FCF008553BC;
					};
					BAAE3069243B9FD5008553BC = {
						CreatedOnToolsVersion = 11.3.1;
						TestTargetID = BAAE3048243B9FCF008553BC;
					};
				};
			};
			buildConfigurationList = BAAE3044243B9FCF008553BC /* Build configuration list for PBXProject "Social Distancing" */;
			compatibilityVersion = "Xcode 9.3";
			developmentRegion = en;
			hasScannedForEncodings = 0;
			knownRegions = (
				en,
				Base,
			);
			mainGroup = BAAE3040243B9FCF008553BC;
			productRefGroup = BAAE304A243B9FCF008553BC /* Products */;
			projectDirPath = "";
			projectRoot = "";
			targets = (
				BAAE3048243B9FCF008553BC /* Social Distancing */,
				BAAE305E243B9FD5008553BC /* Social DistancingTests */,
				BAAE3069243B9FD5008553BC /* Social DistancingUITests */,
			);
		};
/* End PBXProject section */

/* Begin PBXResourcesBuildPhase section */
		BAAE3047243B9FCF008553BC /* Resources */ = {
			isa = PBXResourcesBuildPhase;
			buildActionMask = 2147483647;
			files = (
				BAAE3059243B9FD4008553BC /* LaunchScreen.storyboard in Resources */,
				BAAE3056243B9FD4008553BC /* Assets.xcassets in Resources */,
				BA83B1D0243BE84D0048F43B /* ring.usdz in Resources */,
				BAAE3054243B9FCF008553BC /* Main.storyboard in Resources */,
			);
			runOnlyForDeploymentPostprocessing = 0;
		};
		BAAE305D243B9FD5008553BC /* Resources */ = {
			isa = PBXResourcesBuildPhase;
			buildActionMask = 2147483647;
			files = (
			);
			runOnlyForDeploymentPostprocessing = 0;
		};
		BAAE3068243B9FD5008553BC /* Resources */ = {
			isa = PBXResourcesBuildPhase;
			buildActionMask = 2147483647;
			files = (
			);
			runOnlyForDeploymentPostprocessing = 0;
		};
/* End PBXResourcesBuildPhase section */

/* Begin PBXSourcesBuildPhase section */
		BAAE3045243B9FCF008553BC /* Sources */ = {
			isa = PBXSourcesBuildPhase;
			buildActionMask = 2147483647;
			files = (
				BAAE304F243B9FCF008553BC /* ViewController.swift in Sources */,
				BAAE304D243B9FCF008553BC /* AppDelegate.swift in Sources */,
			);
			runOnlyForDeploymentPostprocessing = 0;
		};
		BAAE305B243B9FD5008553BC /* Sources */ = {
			isa = PBXSourcesBuildPhase;
			buildActionMask = 2147483647;
			files = (
				BAAE3064243B9FD5008553BC /* Social_DistancingTests.swift in Sources */,
			);
			runOnlyForDeploymentPostprocessing = 0;
		};
		BAAE3066243B9FD5008553BC /* Sources */ = {
			isa = PBXSourcesBuildPhase;
			buildActionMask = 2147483647;
			files = (
				BAAE306F243B9FD5008553BC /* Social_DistancingUITests.swift in Sources */,
			);
			runOnlyForDeploymentPostprocessing = 0;
		};
/* End PBXSourcesBuildPhase section */

/* Begin PBXTargetDependency section */
		BAAE3061243B9FD5008553BC /* PBXTargetDependency */ = {
			isa = PBXTargetDependency;
			target = BAAE3048243B9FCF008553BC /* Social Distancing */;
			targetProxy = BAAE3060243B9FD5008553BC /* PBXContainerItemProxy */;
		};
		BAAE306C243B9FD5008553BC /* PBXTargetDependency */ = {
			isa = PBXTargetDependency;
			target = BAAE3048243B9FCF008553BC /* Social Distancing */;
			targetProxy = BAAE306B243B9FD5008553BC /* PBXContainerItemProxy */;
		};
/* End PBXTargetDependency section */

/* Begin PBXVariantGroup section */
		BAAE3052243B9FCF008553BC /* Main.storyboard */ = {
			isa = PBXVariantGroup;
			children = (
				BAAE3053243B9FCF008553BC /* Base */,
			);
			name = Main.storyboard;
			sourceTree = "<group>";
		};
		BAAE3057243B9FD4008553BC /* LaunchScreen.storyboard */ = {
			isa = PBXVariantGroup;
			children = (
				BAAE3058243B9FD4008553BC /* Base */,
			);
			name = LaunchScreen.storyboard;
			sourceTree = "<group>";
		};
/* End PBXVariantGroup section */

/* Begin XCBuildConfiguration section */
		BAAE3071243B9FD5008553BC /* Debug */ = {
			isa = XCBuildConfiguration;
			buildSettings = {
				ALWAYS_SEARCH_USER_PATHS = NO;
				CLANG_ANALYZER_NONNULL = YES;
				CLANG_ANALYZER_NUMBER_OBJECT_CONVERSION = YES_AGGRESSIVE;
				CLANG_CXX_LANGUAGE_STANDARD = "gnu++14";
				CLANG_CXX_LIBRARY = "libc++";
				CLANG_ENABLE_MODULES = YES;
				CLANG_ENABLE_OBJC_ARC = YES;
				CLANG_ENABLE_OBJC_WEAK = YES;
				CLANG_WARN_BLOCK_CAPTURE_AUTORELEASING = YES;
				CLANG_WARN_BOOL_CONVERSION = YES;
				CLANG_WARN_COMMA = YES;
				CLANG_WARN_CONSTANT_CONVERSION = YES;
				CLANG_WARN_DEPRECATED_OBJC_IMPLEMENTATIONS = YES;
				CLANG_WARN_DIRECT_OBJC_ISA_USAGE = YES_ERROR;
				CLANG_WARN_DOCUMENTATION_COMMENTS = YES;
				CLANG_WARN_EMPTY_BODY = YES;
				CLANG_WARN_ENUM_CONVERSION = YES;
				CLANG_WARN_INFINITE_RECURSION = YES;
				CLANG_WARN_INT_CONVERSION = YES;
				CLANG_WARN_NON_LITERAL_NULL_CONVERSION = YES;
				CLANG_WARN_OBJC_IMPLICIT_RETAIN_SELF = YES;
				CLANG_WARN_OBJC_LITERAL_CONVERSION = YES;
				CLANG_WARN_OBJC_ROOT_CLASS = YES_ERROR;
				CLANG_WARN_RANGE_LOOP_ANALYSIS = YES;
				CLANG_WARN_STRICT_PROTOTYPES = YES;
				CLANG_WARN_SUSPICIOUS_MOVE = YES;
				CLANG_WARN_UNGUARDED_AVAILABILITY = YES_AGGRESSIVE;
				CLANG_WARN_UNREACHABLE_CODE = YES;
				CLANG_WARN__DUPLICATE_METHOD_MATCH = YES;
				COPY_PHASE_STRIP = NO;
				DEBUG_INFORMATION_FORMAT = dwarf;
				ENABLE_STRICT_OBJC_MSGSEND = YES;
				ENABLE_TESTABILITY = YES;
				GCC_C_LANGUAGE_STANDARD = gnu11;
				GCC_DYNAMIC_NO_PIC = NO;
				GCC_NO_COMMON_BLOCKS = YES;
				GCC_OPTIMIZATION_LEVEL = 0;
				GCC_PREPROCESSOR_DEFINITIONS = (
					"DEBUG=1",
					"$(inherited)",
				);
				GCC_WARN_64_TO_32_BIT_CONVERSION = YES;
				GCC_WARN_ABOUT_RETURN_TYPE = YES_ERROR;
				GCC_WARN_UNDECLARED_SELECTOR = YES;
				GCC_WARN_UNINITIALIZED_AUTOS = YES_AGGRESSIVE;
				GCC_WARN_UNUSED_FUNCTION = YES;
				GCC_WARN_UNUSED_VARIABLE = YES;
				IPHONEOS_DEPLOYMENT_TARGET = 13.2;
				MTL_ENABLE_DEBUG_INFO = INCLUDE_SOURCE;
				MTL_FAST_MATH = YES;
				ONLY_ACTIVE_ARCH = YES;
				SDKROOT = iphoneos;
				SWIFT_ACTIVE_COMPILATION_CONDITIONS = DEBUG;
				SWIFT_OPTIMIZATION_LEVEL = "-Onone";
			};
			name = Debug;
		};
		BAAE3072243B9FD5008553BC /* Release */ = {
			isa = XCBuildConfiguration;
			buildSettings = {
				ALWAYS_SEARCH_USER_PATHS = NO;
				CLANG_ANALYZER_NONNULL = YES;
				CLANG_ANALYZER_NUMBER_OBJECT_CONVERSION = YES_AGGRESSIVE;
				CLANG_CXX_LANGUAGE_STANDARD = "gnu++14";
				CLANG_CXX_LIBRARY = "libc++";
				CLANG_ENABLE_MODULES = YES;
				CLANG_ENABLE_OBJC_ARC = YES;
				CLANG_ENABLE_OBJC_WEAK = YES;
				CLANG_WARN_BLOCK_CAPTURE_AUTORELEASING = YES;
				CLANG_WARN_BOOL_CONVERSION = YES;
				CLANG_WARN_COMMA = YES;
				CLANG_WARN_CONSTANT_CONVERSION = YES;
				CLANG_WARN_DEPRECATED_OBJC_IMPLEMENTATIONS = YES;
				CLANG_WARN_DIRECT_OBJC_ISA_USAGE = YES_ERROR;
				CLANG_WARN_DOCUMENTATION_COMMENTS = YES;
				CLANG_WARN_EMPTY_BODY = YES;
				CLANG_WARN_ENUM_CONVERSION = YES;
				CLANG_WARN_INFINITE_RECURSION = YES;
				CLANG_WARN_INT_CONVERSION = YES;
				CLANG_WARN_NON_LITERAL_NULL_CONVERSION = YES;
				CLANG_WARN_OBJC_IMPLICIT_RETAIN_SELF = YES;
				CLANG_WARN_OBJC_LITERAL_CONVERSION = YES;
				CLANG_WARN_OBJC_ROOT_CLASS = YES_ERROR;
				CLANG_WARN_RANGE_LOOP_ANALYSIS = YES;
				CLANG_WARN_STRICT_PROTOTYPES = YES;
				CLANG_WARN_SUSPICIOUS_MOVE = YES;
				CLANG_WARN_UNGUARDED_AVAILABILITY = YES_AGGRESSIVE;
				CLANG_WARN_UNREACHABLE_CODE = YES;
				CLANG_WARN__DUPLICATE_METHOD_MATCH = YES;
				COPY_PHASE_STRIP = NO;
				DEBUG_INFORMATION_FORMAT = "dwarf-with-dsym";
				ENABLE_NS_ASSERTIONS = NO;
				ENABLE_STRICT_OBJC_MSGSEND = YES;
				GCC_C_LANGUAGE_STANDARD = gnu11;
				GCC_NO_COMMON_BLOCKS = YES;
				GCC_WARN_64_TO_32_BIT_CONVERSION = YES;
				GCC_WARN_ABOUT_RETURN_TYPE = YES_ERROR;
				GCC_WARN_UNDECLARED_SELECTOR = YES;
				GCC_WARN_UNINITIALIZED_AUTOS = YES_AGGRESSIVE;
				GCC_WARN_UNUSED_FUNCTION = YES;
				GCC_WARN_UNUSED_VARIABLE = YES;
				IPHONEOS_DEPLOYMENT_TARGET = 13.2;
				MTL_ENABLE_DEBUG_INFO = NO;
				MTL_FAST_MATH = YES;
				SDKROOT = iphoneos;
				SWIFT_COMPILATION_MODE = wholemodule;
				SWIFT_OPTIMIZATION_LEVEL = "-O";
				VALIDATE_PRODUCT = YES;
			};
			name = Release;
		};
		BAAE3074243B9FD5008553BC /* Debug */ = {
			isa = XCBuildConfiguration;
			buildSettings = {
				ASSETCATALOG_COMPILER_APPICON_NAME = AppIcon;
				CODE_SIGN_STYLE = Automatic;
				DEVELOPMENT_TEAM = C36R7JN67H;
				INFOPLIST_FILE = "Social Distancing/Info.plist";
				LD_RUNPATH_SEARCH_PATHS = (
					"$(inherited)",
					"@executable_path/Frameworks",
				);
				PRODUCT_BUNDLE_IDENTIFIER = "dev.jeremyjacob.Social-Distancing";
				PRODUCT_NAME = "$(TARGET_NAME)";
				SWIFT_VERSION = 5.0;
				TARGETED_DEVICE_FAMILY = "1,2";
			};
			name = Debug;
		};
		BAAE3075243B9FD5008553BC /* Release */ = {
			isa = XCBuildConfiguration;
			buildSettings = {
				ASSETCATALOG_COMPILER_APPICON_NAME = AppIcon;
				CODE_SIGN_STYLE = Automatic;
				DEVELOPMENT_TEAM = C36R7JN67H;
				INFOPLIST_FILE = "Social Distancing/Info.plist";
				LD_RUNPATH_SEARCH_PATHS = (
					"$(inherited)",
					"@executable_path/Frameworks",
				);
				PRODUCT_BUNDLE_IDENTIFIER = "dev.jeremyjacob.Social-Distancing";
				PRODUCT_NAME = "$(TARGET_NAME)";
				SWIFT_VERSION = 5.0;
				TARGETED_DEVICE_FAMILY = "1,2";
			};
			name = Release;
		};
		BAAE3077243B9FD5008553BC /* Debug */ = {
			isa = XCBuildConfiguration;
			buildSettings = {
				ALWAYS_EMBED_SWIFT_STANDARD_LIBRARIES = YES;
				BUNDLE_LOADER = "$(TEST_HOST)";
				CODE_SIGN_STYLE = Automatic;
				DEVELOPMENT_TEAM = C36R7JN67H;
				INFOPLIST_FILE = "Social DistancingTests/Info.plist";
				IPHONEOS_DEPLOYMENT_TARGET = 13.2;
				LD_RUNPATH_SEARCH_PATHS = (
					"$(inherited)",
					"@executable_path/Frameworks",
					"@loader_path/Frameworks",
				);
				PRODUCT_BUNDLE_IDENTIFIER = "dev.jeremyjacob.Social-DistancingTests";
				PRODUCT_NAME = "$(TARGET_NAME)";
				SWIFT_VERSION = 5.0;
				TARGETED_DEVICE_FAMILY = "1,2";
				TEST_HOST = "$(BUILT_PRODUCTS_DIR)/Social Distancing.app/Social Distancing";
			};
			name = Debug;
		};
		BAAE3078243B9FD5008553BC /* Release */ = {
			isa = XCBuildConfiguration;
			buildSettings = {
				ALWAYS_EMBED_SWIFT_STANDARD_LIBRARIES = YES;
				BUNDLE_LOADER = "$(TEST_HOST)";
				CODE_SIGN_STYLE = Automatic;
				DEVELOPMENT_TEAM = C36R7JN67H;
				INFOPLIST_FILE = "Social DistancingTests/Info.plist";
				IPHONEOS_DEPLOYMENT_TARGET = 13.2;
				LD_RUNPATH_SEARCH_PATHS = (
					"$(inherited)",
					"@executable_path/Frameworks",
					"@loader_path/Frameworks",
				);
				PRODUCT_BUNDLE_IDENTIFIER = "dev.jeremyjacob.Social-DistancingTests";
				PRODUCT_NAME = "$(TARGET_NAME)";
				SWIFT_VERSION = 5.0;
				TARGETED_DEVICE_FAMILY = "1,2";
				TEST_HOST = "$(BUILT_PRODUCTS_DIR)/Social Distancing.app/Social Distancing";
			};
			name = Release;
		};
		BAAE307A243B9FD5008553BC /* Debug */ = {
			isa = XCBuildConfiguration;
			buildSettings = {
				ALWAYS_EMBED_SWIFT_STANDARD_LIBRARIES = YES;
				CODE_SIGN_STYLE = Automatic;
				DEVELOPMENT_TEAM = C36R7JN67H;
				INFOPLIST_FILE = "Social DistancingUITests/Info.plist";
				LD_RUNPATH_SEARCH_PATHS = (
					"$(inherited)",
					"@executable_path/Frameworks",
					"@loader_path/Frameworks",
				);
				PRODUCT_BUNDLE_IDENTIFIER = "dev.jeremyjacob.Social-DistancingUITests";
				PRODUCT_NAME = "$(TARGET_NAME)";
				SWIFT_VERSION = 5.0;
				TARGETED_DEVICE_FAMILY = "1,2";
				TEST_TARGET_NAME = "Social Distancing";
			};
			name = Debug;
		};
		BAAE307B243B9FD5008553BC /* Release */ = {
			isa = XCBuildConfiguration;
			buildSettings = {
				ALWAYS_EMBED_SWIFT_STANDARD_LIBRARIES = YES;
				CODE_SIGN_STYLE = Automatic;
				DEVELOPMENT_TEAM = C36R7JN67H;
				INFOPLIST_FILE = "Social DistancingUITests/Info.plist";
				LD_RUNPATH_SEARCH_PATHS = (
					"$(inherited)",
					"@executable_path/Frameworks",
					"@loader_path/Frameworks",
				);
				PRODUCT_BUNDLE_IDENTIFIER = "dev.jeremyjacob.Social-DistancingUITests";
				PRODUCT_NAME = "$(TARGET_NAME)";
				SWIFT_VERSION = 5.0;
				TARGETED_DEVICE_FAMILY = "1,2";
				TEST_TARGET_NAME = "Social Distancing";
			};
			name = Release;
		};
/* End XCBuildConfiguration section */

/* Begin XCConfigurationList section */
		BAAE3044243B9FCF008553BC /* Build configuration list for PBXProject "Social Distancing" */ = {
			isa = XCConfigurationList;
			buildConfigurations = (
				BAAE3071243B9FD5008553BC /* Debug */,
				BAAE3072243B9FD5008553BC /* Release */,
			);
			defaultConfigurationIsVisible = 0;
			defaultConfigurationName = Release;
		};
		BAAE3073243B9FD5008553BC /* Build configuration list for PBXNativeTarget "Social Distancing" */ = {
			isa = XCConfigurationList;
			buildConfigurations = (
				BAAE3074243B9FD5008553BC /* Debug */,
				BAAE3075243B9FD5008553BC /* Release */,
			);
			defaultConfigurationIsVisible = 0;
			defaultConfigurationName = Release;
		};
		BAAE3076243B9FD5008553BC /* Build configuration list for PBXNativeTarget "Social DistancingTests" */ = {
			isa = XCConfigurationList;
			buildConfigurations = (
				BAAE3077243B9FD5008553BC /* Debug */,
				BAAE3078243B9FD5008553BC /* Release */,
			);
			defaultConfigurationIsVisible = 0;
			defaultConfigurationName = Release;
		};
		BAAE3079243B9FD5008553BC /* Build configuration list for PBXNativeTarget "Social DistancingUITests" */ = {
			isa = XCConfigurationList;
			buildConfigurations = (
				BAAE307A243B9FD5008553BC /* Debug */,
				BAAE307B243B9FD5008553BC /* Release */,
			);
			defaultConfigurationIsVisible = 0;
			defaultConfigurationName = Release;
		};
/* End XCConfigurationList section */
	};
	rootObject = BAAE3041243B9FCF008553BC /* Project object */;
}
